PODS:
  - BABFrameObservingInputAccessoryView (0.2.0)

DEPENDENCIES:
  - BABFrameObservingInputAccessoryView (from `../`)

EXTERNAL SOURCES:
  BABFrameObservingInputAccessoryView:
    :path: "../"

SPEC CHECKSUMS:
  BABFrameObservingInputAccessoryView: 0e1821abb432f4621c3d54f17bc9973ec8f91898

COCOAPODS: 0.38.2
